
Microsoft Visual Studio Solution File, Format Version 12.00
# Visual Studio Version 17
VisualStudioVersion = 17.7.34221.43
MinimumVisualStudioVersion = 10.0.40219.1
Project("{FAE04EC0-301F-11D3-BF4B-00C04F79EFBC}") = "part2", "part2\part2.csproj", "{D548B31E-4CF8-4D29-9005-704C1F4BDCBB}"
EndProject
Global
	GlobalSection(SolutionConfigurationPlatforms) = preSolution
		Debug|Any CPU = Debug|Any CPU
		Release|Any CPU = Release|Any CPU
	EndGlobalSection
	GlobalSection(ProjectConfigurationPlatforms) = postSolution
		{D548B31E-4CF8-4D29-9005-704C1F4BDCBB}.Debug|Any CPU.ActiveCfg = Debug|Any CPU
		{D548B31E-4CF8-4D29-9005-704C1F4BDCBB}.Debug|Any CPU.Build.0 = Debug|Any CPU
		{D548B31E-4CF8-4D29-9005-704C1F4BDCBB}.Release|Any CPU.ActiveCfg = Release|Any CPU
		{D548B31E-4CF8-4D29-9005-704C1F4BDCBB}.Release|Any CPU.Build.0 = Release|Any CPU
	EndGlobalSection
	GlobalSection(SolutionProperties) = preSolution
		HideSolutionNode = FALSE
	EndGlobalSection
	GlobalSection(ExtensibilityGlobals) = postSolution
		SolutionGuid = {7F5E6D88-72D7-41ED-B25E-C882B4ED0305}
	EndGlobalSection
EndGlobal
